// !$*UTF8*$!
{
	archiveVersion = 1;
	classes = {
	};
	objectVersion = 50;
	objects = {

/* Begin PBXBuildFile section */
		AD2CF1F1252E1B4200189E70 /* MovieCast.swift in Sources */ = {isa = PBXBuildFile; fileRef = AD2CF1F0252E1B4200189E70 /* MovieCast.swift */; };
		AD2CF213252E23EE00189E70 /* Main.storyboard in Resources */ = {isa = PBXBuildFile; fileRef = AD2CF212252E23EE00189E70 /* Main.storyboard */; };
		AD2CF216252E240700189E70 /* LaunchScreen.storyboard in Resources */ = {isa = PBXBuildFile; fileRef = AD2CF215252E240700189E70 /* LaunchScreen.storyboard */; };
		AD2CF24C252E50C500189E70 /* MovieImages.swift in Sources */ = {isa = PBXBuildFile; fileRef = AD2CF24B252E50C500189E70 /* MovieImages.swift */; };
		AD2CF254252E6F6E00189E70 /* BackdropsCollectionViewCell.swift in Sources */ = {isa = PBXBuildFile; fileRef = AD2CF253252E6F6E00189E70 /* BackdropsCollectionViewCell.swift */; };
		AD2CF257252E776100189E70 /* CastCollectionViewCell.swift in Sources */ = {isa = PBXBuildFile; fileRef = AD2CF256252E776100189E70 /* CastCollectionViewCell.swift */; };
		AD2CF25D252E791B00189E70 /* BackdropsListViewModel.swift in Sources */ = {isa = PBXBuildFile; fileRef = AD2CF25C252E791B00189E70 /* BackdropsListViewModel.swift */; };
		AD2CF261252E7B6B00189E70 /* CastListViewModel.swift in Sources */ = {isa = PBXBuildFile; fileRef = AD2CF260252E7B6B00189E70 /* CastListViewModel.swift */; };
		AD4E61852523C1D1004B3158 /* AppDelegate.swift in Sources */ = {isa = PBXBuildFile; fileRef = AD4E61842523C1D1004B3158 /* AppDelegate.swift */; };
		AD4E61872523C1D1004B3158 /* SceneDelegate.swift in Sources */ = {isa = PBXBuildFile; fileRef = AD4E61862523C1D1004B3158 /* SceneDelegate.swift */; };
		AD4E618F2523C1D1004B3158 /* movie_project.xcdatamodeld in Sources */ = {isa = PBXBuildFile; fileRef = AD4E618D2523C1D1004B3158 /* movie_project.xcdatamodeld */; };
		AD4E61912523C1D2004B3158 /* Assets.xcassets in Resources */ = {isa = PBXBuildFile; fileRef = AD4E61902523C1D2004B3158 /* Assets.xcassets */; };
		AD4E61C0252507BC004B3158 /* DataAccess.swift in Sources */ = {isa = PBXBuildFile; fileRef = AD4E61BF252507BC004B3158 /* DataAccess.swift */; };
		AD4E61C6252508A7004B3158 /* MovieDetail.swift in Sources */ = {isa = PBXBuildFile; fileRef = AD4E61C5252508A7004B3158 /* MovieDetail.swift */; };
		AD4E61CE252508EA004B3158 /* Movie.swift in Sources */ = {isa = PBXBuildFile; fileRef = AD4E61CD252508EA004B3158 /* Movie.swift */; };
		AD4E61F82526D4FA004B3158 /* RootView.swift in Sources */ = {isa = PBXBuildFile; fileRef = AD4E61F72526D4FA004B3158 /* RootView.swift */; };
		AD4E620325293E0C004B3158 /* TopMoviesViewCell.swift in Sources */ = {isa = PBXBuildFile; fileRef = AD4E620225293E0C004B3158 /* TopMoviesViewCell.swift */; };
		AD4E62082529481F004B3158 /* RootViewModel.swift in Sources */ = {isa = PBXBuildFile; fileRef = AD4E62072529481F004B3158 /* RootViewModel.swift */; };
		AD4E620D25294848004B3158 /* DetailViewModel.swift in Sources */ = {isa = PBXBuildFile; fileRef = AD4E620C25294848004B3158 /* DetailViewModel.swift */; };
		AD739CB4252B62B800AF45A9 /* DetailView.swift in Sources */ = {isa = PBXBuildFile; fileRef = AD739CB3252B62B800AF45A9 /* DetailView.swift */; };
/* End PBXBuildFile section */

/* Begin PBXFileReference section */
		AD2CF1F0252E1B4200189E70 /* MovieCast.swift */ = {isa = PBXFileReference; lastKnownFileType = sourcecode.swift; path = MovieCast.swift; sourceTree = "<group>"; };
		AD2CF212252E23EE00189E70 /* Main.storyboard */ = {isa = PBXFileReference; fileEncoding = 4; lastKnownFileType = file.storyboard; path = Main.storyboard; sourceTree = "<group>"; };
		AD2CF215252E240700189E70 /* LaunchScreen.storyboard */ = {isa = PBXFileReference; fileEncoding = 4; lastKnownFileType = file.storyboard; path = LaunchScreen.storyboard; sourceTree = "<group>"; };
		AD2CF21A252E242000189E70 /* Info.plist */ = {isa = PBXFileReference; fileEncoding = 4; lastKnownFileType = text.plist.xml; path = Info.plist; sourceTree = "<group>"; };
		AD2CF24B252E50C500189E70 /* MovieImages.swift */ = {isa = PBXFileReference; lastKnownFileType = sourcecode.swift; path = MovieImages.swift; sourceTree = "<group>"; };
		AD2CF253252E6F6E00189E70 /* BackdropsCollectionViewCell.swift */ = {isa = PBXFileReference; lastKnownFileType = sourcecode.swift; path = BackdropsCollectionViewCell.swift; sourceTree = "<group>"; };
		AD2CF256252E776100189E70 /* CastCollectionViewCell.swift */ = {isa = PBXFileReference; lastKnownFileType = sourcecode.swift; path = CastCollectionViewCell.swift; sourceTree = "<group>"; };
		AD2CF25C252E791B00189E70 /* BackdropsListViewModel.swift */ = {isa = PBXFileReference; lastKnownFileType = sourcecode.swift; path = BackdropsListViewModel.swift; sourceTree = "<group>"; };
		AD2CF260252E7B6B00189E70 /* CastListViewModel.swift */ = {isa = PBXFileReference; lastKnownFileType = sourcecode.swift; path = CastListViewModel.swift; sourceTree = "<group>"; };
		AD4E61812523C1D1004B3158 /* movie-project.app */ = {isa = PBXFileReference; explicitFileType = wrapper.application; includeInIndex = 0; path = "movie-project.app"; sourceTree = BUILT_PRODUCTS_DIR; };
		AD4E61842523C1D1004B3158 /* AppDelegate.swift */ = {isa = PBXFileReference; lastKnownFileType = sourcecode.swift; path = AppDelegate.swift; sourceTree = "<group>"; };
		AD4E61862523C1D1004B3158 /* SceneDelegate.swift */ = {isa = PBXFileReference; lastKnownFileType = sourcecode.swift; path = SceneDelegate.swift; sourceTree = "<group>"; };
		AD4E618E2523C1D1004B3158 /* movie_project.xcdatamodel */ = {isa = PBXFileReference; lastKnownFileType = wrapper.xcdatamodel; path = movie_project.xcdatamodel; sourceTree = "<group>"; };
		AD4E61902523C1D2004B3158 /* Assets.xcassets */ = {isa = PBXFileReference; lastKnownFileType = folder.assetcatalog; path = Assets.xcassets; sourceTree = "<group>"; };
		AD4E61BF252507BC004B3158 /* DataAccess.swift */ = {isa = PBXFileReference; lastKnownFileType = sourcecode.swift; path = DataAccess.swift; sourceTree = "<group>"; };
		AD4E61C5252508A7004B3158 /* MovieDetail.swift */ = {isa = PBXFileReference; lastKnownFileType = sourcecode.swift; path = MovieDetail.swift; sourceTree = "<group>"; };
		AD4E61CD252508EA004B3158 /* Movie.swift */ = {isa = PBXFileReference; lastKnownFileType = sourcecode.swift; path = Movie.swift; sourceTree = "<group>"; };
		AD4E61F72526D4FA004B3158 /* RootView.swift */ = {isa = PBXFileReference; lastKnownFileType = sourcecode.swift; path = RootView.swift; sourceTree = "<group>"; };
		AD4E620225293E0C004B3158 /* TopMoviesViewCell.swift */ = {isa = PBXFileReference; lastKnownFileType = sourcecode.swift; path = TopMoviesViewCell.swift; sourceTree = "<group>"; };
		AD4E62072529481F004B3158 /* RootViewModel.swift */ = {isa = PBXFileReference; lastKnownFileType = sourcecode.swift; path = RootViewModel.swift; sourceTree = "<group>"; };
		AD4E620C25294848004B3158 /* DetailViewModel.swift */ = {isa = PBXFileReference; lastKnownFileType = sourcecode.swift; path = DetailViewModel.swift; sourceTree = "<group>"; };
		AD739CB3252B62B800AF45A9 /* DetailView.swift */ = {isa = PBXFileReference; lastKnownFileType = sourcecode.swift; path = DetailView.swift; sourceTree = "<group>"; };
/* End PBXFileReference section */

/* Begin PBXFrameworksBuildPhase section */
		AD4E617E2523C1D1004B3158 /* Frameworks */ = {
			isa = PBXFrameworksBuildPhase;
			buildActionMask = 2147483647;
			files = (
			);
			runOnlyForDeploymentPostprocessing = 0;
		};
/* End PBXFrameworksBuildPhase section */

/* Begin PBXGroup section */
		AD2CF226252E471600189E70 /* Support */ = {
			isa = PBXGroup;
			children = (
				AD2CF21A252E242000189E70 /* Info.plist */,
				AD4E61842523C1D1004B3158 /* AppDelegate.swift */,
				AD4E61862523C1D1004B3158 /* SceneDelegate.swift */,
			);
			path = Support;
			sourceTree = "<group>";
		};
		AD4E61782523C1D1004B3158 = {
			isa = PBXGroup;
			children = (
				AD4E61832523C1D1004B3158 /* movie-project */,
				AD4E61822523C1D1004B3158 /* Products */,
			);
			sourceTree = "<group>";
		};
		AD4E61822523C1D1004B3158 /* Products */ = {
			isa = PBXGroup;
			children = (
				AD4E61812523C1D1004B3158 /* movie-project.app */,
			);
			name = Products;
			sourceTree = "<group>";
		};
		AD4E61832523C1D1004B3158 /* movie-project */ = {
			isa = PBXGroup;
			children = (
				AD2CF226252E471600189E70 /* Support */,
				AD4E61D325250A11004B3158 /* View */,
				AD4E61D225250A07004B3158 /* ViewModel */,
				AD4E61C42525088F004B3158 /* Model */,
				AD4E61BE2525079D004B3158 /* Service */,
				AD4E61902523C1D2004B3158 /* Assets.xcassets */,
				AD4E618D2523C1D1004B3158 /* movie_project.xcdatamodeld */,
			);
			path = "movie-project";
			sourceTree = "<group>";
		};
		AD4E61BE2525079D004B3158 /* Service */ = {
			isa = PBXGroup;
			children = (
				AD4E61BF252507BC004B3158 /* DataAccess.swift */,
			);
			path = Service;
			sourceTree = "<group>";
		};
		AD4E61C42525088F004B3158 /* Model */ = {
			isa = PBXGroup;
			children = (
				AD4E61C5252508A7004B3158 /* MovieDetail.swift */,
				AD4E61CD252508EA004B3158 /* Movie.swift */,
				AD2CF1F0252E1B4200189E70 /* MovieCast.swift */,
				AD2CF24B252E50C500189E70 /* MovieImages.swift */,
			);
			path = Model;
			sourceTree = "<group>";
		};
		AD4E61D225250A07004B3158 /* ViewModel */ = {
			isa = PBXGroup;
			children = (
				AD4E62072529481F004B3158 /* RootViewModel.swift */,
				AD4E620C25294848004B3158 /* DetailViewModel.swift */,
				AD2CF25C252E791B00189E70 /* BackdropsListViewModel.swift */,
				AD2CF260252E7B6B00189E70 /* CastListViewModel.swift */,
			);
			path = ViewModel;
			sourceTree = "<group>";
		};
		AD4E61D325250A11004B3158 /* View */ = {
			isa = PBXGroup;
			children = (
				AD2CF215252E240700189E70 /* LaunchScreen.storyboard */,
				AD2CF212252E23EE00189E70 /* Main.storyboard */,
				AD4E61F72526D4FA004B3158 /* RootView.swift */,
				AD4E620225293E0C004B3158 /* TopMoviesViewCell.swift */,
				AD739CB3252B62B800AF45A9 /* DetailView.swift */,
				AD2CF253252E6F6E00189E70 /* BackdropsCollectionViewCell.swift */,
				AD2CF256252E776100189E70 /* CastCollectionViewCell.swift */,
			);
			path = View;
			sourceTree = "<group>";
		};
/* End PBXGroup section */

/* Begin PBXNativeTarget section */
		AD4E61802523C1D1004B3158 /* movie-project */ = {
			isa = PBXNativeTarget;
			buildConfigurationList = AD4E61AE2523C1D3004B3158 /* Build configuration list for PBXNativeTarget "movie-project" */;
			buildPhases = (
				AD4E617D2523C1D1004B3158 /* Sources */,
				AD4E617E2523C1D1004B3158 /* Frameworks */,
				AD4E617F2523C1D1004B3158 /* Resources */,
			);
			buildRules = (
			);
			dependencies = (
			);
			name = "movie-project";
			productName = "movie-project";
			productReference = AD4E61812523C1D1004B3158 /* movie-project.app */;
			productType = "com.apple.product-type.application";
		};
/* End PBXNativeTarget section */

/* Begin PBXProject section */
		AD4E61792523C1D1004B3158 /* Project object */ = {
			isa = PBXProject;
			attributes = {
				LastSwiftUpdateCheck = 1200;
				LastUpgradeCheck = 1200;
				TargetAttributes = {
					AD4E61802523C1D1004B3158 = {
						CreatedOnToolsVersion = 12.0.1;
					};
				};
			};
			buildConfigurationList = AD4E617C2523C1D1004B3158 /* Build configuration list for PBXProject "movie-project" */;
			compatibilityVersion = "Xcode 9.3";
			developmentRegion = en;
			hasScannedForEncodings = 0;
			knownRegions = (
				en,
				Base,
			);
			mainGroup = AD4E61782523C1D1004B3158;
			productRefGroup = AD4E61822523C1D1004B3158 /* Products */;
			projectDirPath = "";
			projectRoot = "";
			targets = (
				AD4E61802523C1D1004B3158 /* movie-project */,
			);
		};
/* End PBXProject section */

/* Begin PBXResourcesBuildPhase section */
		AD4E617F2523C1D1004B3158 /* Resources */ = {
			isa = PBXResourcesBuildPhase;
			buildActionMask = 2147483647;
			files = (
				AD4E61912523C1D2004B3158 /* Assets.xcassets in Resources */,
				AD2CF216252E240700189E70 /* LaunchScreen.storyboard in Resources */,
				AD2CF213252E23EE00189E70 /* Main.storyboard in Resources */,
			);
			runOnlyForDeploymentPostprocessing = 0;
		};
/* End PBXResourcesBuildPhase section */

/* Begin PBXSourcesBuildPhase section */
		AD4E617D2523C1D1004B3158 /* Sources */ = {
			isa = PBXSourcesBuildPhase;
			buildActionMask = 2147483647;
			files = (
				AD4E61F82526D4FA004B3158 /* RootView.swift in Sources */,
				AD4E61CE252508EA004B3158 /* Movie.swift in Sources */,
				AD2CF25D252E791B00189E70 /* BackdropsListViewModel.swift in Sources */,
				AD4E61C6252508A7004B3158 /* MovieDetail.swift in Sources */,
				AD4E620D25294848004B3158 /* DetailViewModel.swift in Sources */,
				AD4E620325293E0C004B3158 /* TopMoviesViewCell.swift in Sources */,
				AD2CF24C252E50C500189E70 /* MovieImages.swift in Sources */,
				AD739CB4252B62B800AF45A9 /* DetailView.swift in Sources */,
				AD2CF261252E7B6B00189E70 /* CastListViewModel.swift in Sources */,
				AD4E618F2523C1D1004B3158 /* movie_project.xcdatamodeld in Sources */,
				AD4E61852523C1D1004B3158 /* AppDelegate.swift in Sources */,
				AD4E61872523C1D1004B3158 /* SceneDelegate.swift in Sources */,
				AD2CF1F1252E1B4200189E70 /* MovieCast.swift in Sources */,
				AD4E62082529481F004B3158 /* RootViewModel.swift in Sources */,
				AD2CF257252E776100189E70 /* CastCollectionViewCell.swift in Sources */,
				AD2CF254252E6F6E00189E70 /* BackdropsCollectionViewCell.swift in Sources */,
				AD4E61C0252507BC004B3158 /* DataAccess.swift in Sources */,
			);
			runOnlyForDeploymentPostprocessing = 0;
		};
/* End PBXSourcesBuildPhase section */

/* Begin XCBuildConfiguration section */
		AD4E61AC2523C1D3004B3158 /* Debug */ = {
			isa = XCBuildConfiguration;
			buildSettings = {
				ALWAYS_SEARCH_USER_PATHS = NO;
				CLANG_ANALYZER_NONNULL = YES;
				CLANG_ANALYZER_NUMBER_OBJECT_CONVERSION = YES_AGGRESSIVE;
				CLANG_CXX_LANGUAGE_STANDARD = "gnu++14";
				CLANG_CXX_LIBRARY = "libc++";
				CLANG_ENABLE_MODULES = YES;
				CLANG_ENABLE_OBJC_ARC = YES;
				CLANG_ENABLE_OBJC_WEAK = YES;
				CLANG_WARN_BLOCK_CAPTURE_AUTORELEASING = YES;
				CLANG_WARN_BOOL_CONVERSION = YES;
				CLANG_WARN_COMMA = YES;
				CLANG_WARN_CONSTANT_CONVERSION = YES;
				CLANG_WARN_DEPRECATED_OBJC_IMPLEMENTATIONS = YES;
				CLANG_WARN_DIRECT_OBJC_ISA_USAGE = YES_ERROR;
				CLANG_WARN_DOCUMENTATION_COMMENTS = YES;
				CLANG_WARN_EMPTY_BODY = YES;
				CLANG_WARN_ENUM_CONVERSION = YES;
				CLANG_WARN_INFINITE_RECURSION = YES;
				CLANG_WARN_INT_CONVERSION = YES;
				CLANG_WARN_NON_LITERAL_NULL_CONVERSION = YES;
				CLANG_WARN_OBJC_IMPLICIT_RETAIN_SELF = YES;
				CLANG_WARN_OBJC_LITERAL_CONVERSION = YES;
				CLANG_WARN_OBJC_ROOT_CLASS = YES_ERROR;
				CLANG_WARN_QUOTED_INCLUDE_IN_FRAMEWORK_HEADER = YES;
				CLANG_WARN_RANGE_LOOP_ANALYSIS = YES;
				CLANG_WARN_STRICT_PROTOTYPES = YES;
				CLANG_WARN_SUSPICIOUS_MOVE = YES;
				CLANG_WARN_UNGUARDED_AVAILABILITY = YES_AGGRESSIVE;
				CLANG_WARN_UNREACHABLE_CODE = YES;
				CLANG_WARN__DUPLICATE_METHOD_MATCH = YES;
				COPY_PHASE_STRIP = NO;
				DEBUG_INFORMATION_FORMAT = dwarf;
				ENABLE_STRICT_OBJC_MSGSEND = YES;
				ENABLE_TESTABILITY = YES;
				GCC_C_LANGUAGE_STANDARD = gnu11;
				GCC_DYNAMIC_NO_PIC = NO;
				GCC_NO_COMMON_BLOCKS = YES;
				GCC_OPTIMIZATION_LEVEL = 0;
				GCC_PREPROCESSOR_DEFINITIONS = (
					"DEBUG=1",
					"$(inherited)",
				);
				GCC_WARN_64_TO_32_BIT_CONVERSION = YES;
				GCC_WARN_ABOUT_RETURN_TYPE = YES_ERROR;
				GCC_WARN_UNDECLARED_SELECTOR = YES;
				GCC_WARN_UNINITIALIZED_AUTOS = YES_AGGRESSIVE;
				GCC_WARN_UNUSED_FUNCTION = YES;
				GCC_WARN_UNUSED_VARIABLE = YES;
				"INFOPLIST_FILE[sdk=*]" = Info.plist;
				IPHONEOS_DEPLOYMENT_TARGET = 13.3;
				MTL_ENABLE_DEBUG_INFO = INCLUDE_SOURCE;
				MTL_FAST_MATH = YES;
				ONLY_ACTIVE_ARCH = YES;
				SDKROOT = iphoneos;
				SWIFT_ACTIVE_COMPILATION_CONDITIONS = DEBUG;
				SWIFT_OPTIMIZATION_LEVEL = "-Onone";
			};
			name = Debug;
		};
		AD4E61AD2523C1D3004B3158 /* Release */ = {
			isa = XCBuildConfiguration;
			buildSettings = {
				ALWAYS_SEARCH_USER_PATHS = NO;
				CLANG_ANALYZER_NONNULL = YES;
				CLANG_ANALYZER_NUMBER_OBJECT_CONVERSION = YES_AGGRESSIVE;
				CLANG_CXX_LANGUAGE_STANDARD = "gnu++14";
				CLANG_CXX_LIBRARY = "libc++";
				CLANG_ENABLE_MODULES = YES;
				CLANG_ENABLE_OBJC_ARC = YES;
				CLANG_ENABLE_OBJC_WEAK = YES;
				CLANG_WARN_BLOCK_CAPTURE_AUTORELEASING = YES;
				CLANG_WARN_BOOL_CONVERSION = YES;
				CLANG_WARN_COMMA = YES;
				CLANG_WARN_CONSTANT_CONVERSION = YES;
				CLANG_WARN_DEPRECATED_OBJC_IMPLEMENTATIONS = YES;
				CLANG_WARN_DIRECT_OBJC_ISA_USAGE = YES_ERROR;
				CLANG_WARN_DOCUMENTATION_COMMENTS = YES;
				CLANG_WARN_EMPTY_BODY = YES;
				CLANG_WARN_ENUM_CONVERSION = YES;
				CLANG_WARN_INFINITE_RECURSION = YES;
				CLANG_WARN_INT_CONVERSION = YES;
				CLANG_WARN_NON_LITERAL_NULL_CONVERSION = YES;
				CLANG_WARN_OBJC_IMPLICIT_RETAIN_SELF = YES;
				CLANG_WARN_OBJC_LITERAL_CONVERSION = YES;
				CLANG_WARN_OBJC_ROOT_CLASS = YES_ERROR;
				CLANG_WARN_QUOTED_INCLUDE_IN_FRAMEWORK_HEADER = YES;
				CLANG_WARN_RANGE_LOOP_ANALYSIS = YES;
				CLANG_WARN_STRICT_PROTOTYPES = YES;
				CLANG_WARN_SUSPICIOUS_MOVE = YES;
				CLANG_WARN_UNGUARDED_AVAILABILITY = YES_AGGRESSIVE;
				CLANG_WARN_UNREACHABLE_CODE = YES;
				CLANG_WARN__DUPLICATE_METHOD_MATCH = YES;
				COPY_PHASE_STRIP = NO;
				DEBUG_INFORMATION_FORMAT = "dwarf-with-dsym";
				ENABLE_NS_ASSERTIONS = NO;
				ENABLE_STRICT_OBJC_MSGSEND = YES;
				GCC_C_LANGUAGE_STANDARD = gnu11;
				GCC_NO_COMMON_BLOCKS = YES;
				GCC_WARN_64_TO_32_BIT_CONVERSION = YES;
				GCC_WARN_ABOUT_RETURN_TYPE = YES_ERROR;
				GCC_WARN_UNDECLARED_SELECTOR = YES;
				GCC_WARN_UNINITIALIZED_AUTOS = YES_AGGRESSIVE;
				GCC_WARN_UNUSED_FUNCTION = YES;
				GCC_WARN_UNUSED_VARIABLE = YES;
				"INFOPLIST_FILE[sdk=*]" = Info.plist;
				IPHONEOS_DEPLOYMENT_TARGET = 13.3;
				MTL_ENABLE_DEBUG_INFO = NO;
				MTL_FAST_MATH = YES;
				SDKROOT = iphoneos;
				SWIFT_COMPILATION_MODE = wholemodule;
				SWIFT_OPTIMIZATION_LEVEL = "-O";
				VALIDATE_PRODUCT = YES;
			};
			name = Release;
		};
		AD4E61AF2523C1D3004B3158 /* Debug */ = {
			isa = XCBuildConfiguration;
			buildSettings = {
				ASSETCATALOG_COMPILER_APPICON_NAME = AppIcon;
				ASSETCATALOG_COMPILER_GLOBAL_ACCENT_COLOR_NAME = AccentColor;
				CODE_SIGN_STYLE = Automatic;
				DEVELOPMENT_TEAM = VHG5SDJ6H6;
				INFOPLIST_FILE = "movie-project/Support/Info.plist";
				LD_RUNPATH_SEARCH_PATHS = (
					"$(inherited)",
					"@executable_path/Frameworks",
				);
				PRODUCT_BUNDLE_IDENTIFIER = "com.giggio.movie-project";
				PRODUCT_NAME = "$(TARGET_NAME)";
				SWIFT_VERSION = 5.0;
				TARGETED_DEVICE_FAMILY = "1,2";
			};
			name = Debug;
		};
		AD4E61B02523C1D3004B3158 /* Release */ = {
			isa = XCBuildConfiguration;
			buildSettings = {
				ASSETCATALOG_COMPILER_APPICON_NAME = AppIcon;
				ASSETCATALOG_COMPILER_GLOBAL_ACCENT_COLOR_NAME = AccentColor;
				CODE_SIGN_STYLE = Automatic;
				DEVELOPMENT_TEAM = VHG5SDJ6H6;
				INFOPLIST_FILE = "movie-project/Support/Info.plist";
				LD_RUNPATH_SEARCH_PATHS = (
					"$(inherited)",
					"@executable_path/Frameworks",
				);
				PRODUCT_BUNDLE_IDENTIFIER = "com.giggio.movie-project";
				PRODUCT_NAME = "$(TARGET_NAME)";
				SWIFT_VERSION = 5.0;
				TARGETED_DEVICE_FAMILY = "1,2";
			};
			name = Release;
		};
/* End XCBuildConfiguration section */

/* Begin XCConfigurationList section */
		AD4E617C2523C1D1004B3158 /* Build configuration list for PBXProject "movie-project" */ = {
			isa = XCConfigurationList;
			buildConfigurations = (
				AD4E61AC2523C1D3004B3158 /* Debug */,
				AD4E61AD2523C1D3004B3158 /* Release */,
			);
			defaultConfigurationIsVisible = 0;
			defaultConfigurationName = Release;
		};
		AD4E61AE2523C1D3004B3158 /* Build configuration list for PBXNativeTarget "movie-project" */ = {
			isa = XCConfigurationList;
			buildConfigurations = (
				AD4E61AF2523C1D3004B3158 /* Debug */,
				AD4E61B02523C1D3004B3158 /* Release */,
			);
			defaultConfigurationIsVisible = 0;
			defaultConfigurationName = Release;
		};
/* End XCConfigurationList section */

/* Begin XCVersionGroup section */
		AD4E618D2523C1D1004B3158 /* movie_project.xcdatamodeld */ = {
			isa = XCVersionGroup;
			children = (
				AD4E618E2523C1D1004B3158 /* movie_project.xcdatamodel */,
			);
			currentVersion = AD4E618E2523C1D1004B3158 /* movie_project.xcdatamodel */;
			path = movie_project.xcdatamodeld;
			sourceTree = "<group>";
			versionGroupType = wrapper.xcdatamodel;
		};
/* End XCVersionGroup section */
	};
	rootObject = AD4E61792523C1D1004B3158 /* Project object */;
}
